
Microsoft Visual Studio Solution File, Format Version 12.00
# Visual Studio Version 17
VisualStudioVersion = 17.13.35818.85 d17.13
MinimumVisualStudioVersion = 10.0.40219.1
Project("{FAE04EC0-301F-11D3-BF4B-00C04F79EFBC}") = "WebApp", "WebApp.csproj", "{CFA477C7-3B06-4CCC-84F3-F57E6D07DA1B}"
EndProject
Project("{FAE04EC0-301F-11D3-BF4B-00C04F79EFBC}") = "Data", "..\Data\Data.csproj", "{FCC7128B-CE10-4400-A817-583C5A109C01}"
EndProject
Project("{FAE04EC0-301F-11D3-BF4B-00C04F79EFBC}") = "Business", "..\Business\Business.csproj", "{7F7BBB6D-12A5-49BC-8BFC-E3BDFA7891EE}"
EndProject
Global
	GlobalSection(SolutionConfigurationPlatforms) = preSolution
		Debug|Any CPU = Debug|Any CPU
		Release|Any CPU = Release|Any CPU
	EndGlobalSection
	GlobalSection(ProjectConfigurationPlatforms) = postSolution
		{CFA477C7-3B06-4CCC-84F3-F57E6D07DA1B}.Debug|Any CPU.ActiveCfg = Debug|Any CPU
		{CFA477C7-3B06-4CCC-84F3-F57E6D07DA1B}.Debug|Any CPU.Build.0 = Debug|Any CPU
		{CFA477C7-3B06-4CCC-84F3-F57E6D07DA1B}.Release|Any CPU.ActiveCfg = Release|Any CPU
		{CFA477C7-3B06-4CCC-84F3-F57E6D07DA1B}.Release|Any CPU.Build.0 = Release|Any CPU
		{FCC7128B-CE10-4400-A817-583C5A109C01}.Debug|Any CPU.ActiveCfg = Debug|Any CPU
		{FCC7128B-CE10-4400-A817-583C5A109C01}.Debug|Any CPU.Build.0 = Debug|Any CPU
		{FCC7128B-CE10-4400-A817-583C5A109C01}.Release|Any CPU.ActiveCfg = Release|Any CPU
		{FCC7128B-CE10-4400-A817-583C5A109C01}.Release|Any CPU.Build.0 = Release|Any CPU
		{7F7BBB6D-12A5-49BC-8BFC-E3BDFA7891EE}.Debug|Any CPU.ActiveCfg = Debug|Any CPU
		{7F7BBB6D-12A5-49BC-8BFC-E3BDFA7891EE}.Debug|Any CPU.Build.0 = Debug|Any CPU
		{7F7BBB6D-12A5-49BC-8BFC-E3BDFA7891EE}.Release|Any CPU.ActiveCfg = Release|Any CPU
		{7F7BBB6D-12A5-49BC-8BFC-E3BDFA7891EE}.Release|Any CPU.Build.0 = Release|Any CPU
	EndGlobalSection
	GlobalSection(SolutionProperties) = preSolution
		HideSolutionNode = FALSE
	EndGlobalSection
	GlobalSection(ExtensibilityGlobals) = postSolution
		SolutionGuid = {E80B796D-450F-4DA9-B6C7-C3A31E392FF7}
	EndGlobalSection
EndGlobal
