
Microsoft Visual Studio Solution File, Format Version 12.00
# Visual Studio Version 17
VisualStudioVersion = 17.13.35818.85 d17.13
MinimumVisualStudioVersion = 10.0.40219.1
Project("{FAE04EC0-301F-11D3-BF4B-00C04F79EFBC}") = "WebApp", "WebApp.csproj", "{F7A0A0A4-F9FD-4038-BFD9-9CF322F2C071}"
EndProject
Project("{FAE04EC0-301F-11D3-BF4B-00C04F79EFBC}") = "Business", "..\Business\Business.csproj", "{A4A21AC9-B0F7-4CF9-B1A5-A712CEB87A2F}"
EndProject
Global
	GlobalSection(SolutionConfigurationPlatforms) = preSolution
		Debug|Any CPU = Debug|Any CPU
		Release|Any CPU = Release|Any CPU
	EndGlobalSection
	GlobalSection(ProjectConfigurationPlatforms) = postSolution
		{F7A0A0A4-F9FD-4038-BFD9-9CF322F2C071}.Debug|Any CPU.ActiveCfg = Debug|Any CPU
		{F7A0A0A4-F9FD-4038-BFD9-9CF322F2C071}.Debug|Any CPU.Build.0 = Debug|Any CPU
		{F7A0A0A4-F9FD-4038-BFD9-9CF322F2C071}.Release|Any CPU.ActiveCfg = Release|Any CPU
		{F7A0A0A4-F9FD-4038-BFD9-9CF322F2C071}.Release|Any CPU.Build.0 = Release|Any CPU
		{A4A21AC9-B0F7-4CF9-B1A5-A712CEB87A2F}.Debug|Any CPU.ActiveCfg = Debug|Any CPU
		{A4A21AC9-B0F7-4CF9-B1A5-A712CEB87A2F}.Debug|Any CPU.Build.0 = Debug|Any CPU
		{A4A21AC9-B0F7-4CF9-B1A5-A712CEB87A2F}.Release|Any CPU.ActiveCfg = Release|Any CPU
		{A4A21AC9-B0F7-4CF9-B1A5-A712CEB87A2F}.Release|Any CPU.Build.0 = Release|Any CPU
	EndGlobalSection
	GlobalSection(SolutionProperties) = preSolution
		HideSolutionNode = FALSE
	EndGlobalSection
	GlobalSection(ExtensibilityGlobals) = postSolution
		SolutionGuid = {F23D38CD-41DB-402D-9B57-D062B00B6C31}
	EndGlobalSection
EndGlobal
